
Microsoft Visual Studio Solution File, Format Version 12.00
# Visual Studio Version 17
VisualStudioVersion = 17.8.34525.116
MinimumVisualStudioVersion = 10.0.40219.1
Project("{FAE04EC0-301F-11D3-BF4B-00C04F79EFBC}") = "WarehouseAPI", "WarehouseAPI\WarehouseAPI.csproj", "{B69C722D-86DD-40A2-841F-A2D0B3181B7A}"
EndProject
Project("{FAE04EC0-301F-11D3-BF4B-00C04F79EFBC}") = "Warehouse.DAL", "Warehouse.DAL\Warehouse.DAL.csproj", "{666893E7-9801-47FE-904D-92B7EF291B2C}"
EndProject
Project("{FAE04EC0-301F-11D3-BF4B-00C04F79EFBC}") = "Warehouse.BLL", "Warehouse.BLL\Warehouse.BLL.csproj", "{C892B8FF-1E9C-4270-9110-25843EA85350}"
EndProject
Global
	GlobalSection(SolutionConfigurationPlatforms) = preSolution
		Debug|Any CPU = Debug|Any CPU
		Release|Any CPU = Release|Any CPU
	EndGlobalSection
	GlobalSection(ProjectConfigurationPlatforms) = postSolution
		{B69C722D-86DD-40A2-841F-A2D0B3181B7A}.Debug|Any CPU.ActiveCfg = Debug|Any CPU
		{B69C722D-86DD-40A2-841F-A2D0B3181B7A}.Debug|Any CPU.Build.0 = Debug|Any CPU
		{B69C722D-86DD-40A2-841F-A2D0B3181B7A}.Release|Any CPU.ActiveCfg = Release|Any CPU
		{B69C722D-86DD-40A2-841F-A2D0B3181B7A}.Release|Any CPU.Build.0 = Release|Any CPU
		{666893E7-9801-47FE-904D-92B7EF291B2C}.Debug|Any CPU.ActiveCfg = Debug|Any CPU
		{666893E7-9801-47FE-904D-92B7EF291B2C}.Debug|Any CPU.Build.0 = Debug|Any CPU
		{666893E7-9801-47FE-904D-92B7EF291B2C}.Release|Any CPU.ActiveCfg = Release|Any CPU
		{666893E7-9801-47FE-904D-92B7EF291B2C}.Release|Any CPU.Build.0 = Release|Any CPU
		{C892B8FF-1E9C-4270-9110-25843EA85350}.Debug|Any CPU.ActiveCfg = Debug|Any CPU
		{C892B8FF-1E9C-4270-9110-25843EA85350}.Debug|Any CPU.Build.0 = Debug|Any CPU
		{C892B8FF-1E9C-4270-9110-25843EA85350}.Release|Any CPU.ActiveCfg = Release|Any CPU
		{C892B8FF-1E9C-4270-9110-25843EA85350}.Release|Any CPU.Build.0 = Release|Any CPU
	EndGlobalSection
	GlobalSection(SolutionProperties) = preSolution
		HideSolutionNode = FALSE
	EndGlobalSection
	GlobalSection(ExtensibilityGlobals) = postSolution
		SolutionGuid = {64F5C9DE-B38B-43AF-B697-84B9244FFE1B}
	EndGlobalSection
EndGlobal
